
Microsoft Visual Studio Solution File, Format Version 12.00
# Visual Studio 15
Project("{FAE04EC0-301F-11D3-BF4B-00C04F79EFBC}") = "Assembly-CSharp", "Assembly-CSharp.csproj", "{EBBCD1E3-2ADD-A14A-FE2E-3A62F02F917D}"
EndProject
Project("{FAE04EC0-301F-11D3-BF4B-00C04F79EFBC}") = "Assembly-CSharp-firstpass", "Assembly-CSharp-firstpass.csproj", "{6BF64607-5DEB-A859-57A6-458E5945F3C5}"
EndProject
Project("{FAE04EC0-301F-11D3-BF4B-00C04F79EFBC}") = "Assembly-CSharp-Editor-firstpass", "Assembly-CSharp-Editor-firstpass.csproj", "{D8022DD4-185A-2B22-A0F4-E98C900B26E4}"
EndProject
Project("{FAE04EC0-301F-11D3-BF4B-00C04F79EFBC}") = "Assembly-CSharp-Editor", "Assembly-CSharp-Editor.csproj", "{BB65F3E4-B73A-727A-C7E2-E2773034148C}"
EndProject
Global
	GlobalSection(SolutionConfigurationPlatforms) = preSolution
		Debug|Any CPU = Debug|Any CPU
		Release|Any CPU = Release|Any CPU
	EndGlobalSection
	GlobalSection(ProjectConfigurationPlatforms) = postSolution
		{EBBCD1E3-2ADD-A14A-FE2E-3A62F02F917D}.Debug|Any CPU.ActiveCfg = Debug|Any CPU
		{EBBCD1E3-2ADD-A14A-FE2E-3A62F02F917D}.Debug|Any CPU.Build.0 = Debug|Any CPU
		{EBBCD1E3-2ADD-A14A-FE2E-3A62F02F917D}.Release|Any CPU.ActiveCfg = Release|Any CPU
		{EBBCD1E3-2ADD-A14A-FE2E-3A62F02F917D}.Release|Any CPU.Build.0 = Release|Any CPU
		{6BF64607-5DEB-A859-57A6-458E5945F3C5}.Debug|Any CPU.ActiveCfg = Debug|Any CPU
		{6BF64607-5DEB-A859-57A6-458E5945F3C5}.Debug|Any CPU.Build.0 = Debug|Any CPU
		{6BF64607-5DEB-A859-57A6-458E5945F3C5}.Release|Any CPU.ActiveCfg = Release|Any CPU
		{6BF64607-5DEB-A859-57A6-458E5945F3C5}.Release|Any CPU.Build.0 = Release|Any CPU
		{D8022DD4-185A-2B22-A0F4-E98C900B26E4}.Debug|Any CPU.ActiveCfg = Debug|Any CPU
		{D8022DD4-185A-2B22-A0F4-E98C900B26E4}.Debug|Any CPU.Build.0 = Debug|Any CPU
		{D8022DD4-185A-2B22-A0F4-E98C900B26E4}.Release|Any CPU.ActiveCfg = Release|Any CPU
		{D8022DD4-185A-2B22-A0F4-E98C900B26E4}.Release|Any CPU.Build.0 = Release|Any CPU
		{BB65F3E4-B73A-727A-C7E2-E2773034148C}.Debug|Any CPU.ActiveCfg = Debug|Any CPU
		{BB65F3E4-B73A-727A-C7E2-E2773034148C}.Debug|Any CPU.Build.0 = Debug|Any CPU
		{BB65F3E4-B73A-727A-C7E2-E2773034148C}.Release|Any CPU.ActiveCfg = Release|Any CPU
		{BB65F3E4-B73A-727A-C7E2-E2773034148C}.Release|Any CPU.Build.0 = Release|Any CPU
	EndGlobalSection
	GlobalSection(SolutionProperties) = preSolution
		HideSolutionNode = FALSE
	EndGlobalSection
EndGlobal
